<Solution>
  <Folder Name="/src/">
    <Project Path="src/Glacier.Game/Glacier.Game.csproj" />
  </Folder>
  <Folder Name="/tests/">
    <Project Path="tests/Glacier.Game.Tests/Glacier.Game.Tests.csproj" />
  </Folder>
  <Folder Name="/benchmarks/">
    <Project Path="benchmarks/Glacier.Game.Benchmarks/Glacier.Game.Benchmarks.csproj" />
  </Folder>
  <Folder Name="/samples/">
    <Project Path="samples/Glacier.Game.Sample/Glacier.Game.Sample.csproj" />
  </Folder>
</Solution>
